
Microsoft Visual Studio Solution File, Format Version 12.00
# Visual Studio Version 17
VisualStudioVersion = 17.5.002.0
MinimumVisualStudioVersion = 10.0.40219.1
Project("{2150E333-8FDC-42A3-9474-1A3956D46DE8}") = "demos", "demos", "{7FB4B296-483D-4A3B-A03C-19EA45809A01}"
EndProject
Project("{2150E333-8FDC-42A3-9474-1A3956D46DE8}") = "06-security", "06-security", "{592851C7-03D0-45E5-A10E-A4F1257667B6}"
EndProject
Project("{2150E333-8FDC-42A3-9474-1A3956D46DE8}") = "02-microsoft-entra-id", "02-microsoft-entra-id", "{E6A729A6-4FF7-422E-BAD8-DFD7DD817339}"
EndProject
Project("{9A19103F-16F7-4668-BE54-9A1E7A4F7556}") = "catalog-api", "demos\06-security\02-microsoft-entra-id\food-catalog-api\catalog-api.csproj", "{8BEB67F1-4F03-41FC-880D-2C03124798E4}"
EndProject
Project("{2150E333-8FDC-42A3-9474-1A3956D46DE8}") = "09-microfrontends", "09-microfrontends", "{0186064A-5F8B-4177-BCEA-B1E4583BF314}"
EndProject
Project("{2150E333-8FDC-42A3-9474-1A3956D46DE8}") = "01-microfontend", "01-microfontend", "{E4371082-BC10-4B3F-B7D4-07BBF7771C2D}"
EndProject
Project("{9A19103F-16F7-4668-BE54-9A1E7A4F7556}") = "food-orders-func", "demos\09-microfrontends\01-microfontend\food-orders-func\food-orders-func.csproj", "{602F1C88-99FC-4AEB-BFF1-26BA309AE057}"
EndProject
Project("{2150E333-8FDC-42A3-9474-1A3956D46DE8}") = "02-pwa", "02-pwa", "{7EE23576-A2CC-46DC-9009-21288571FC79}"
EndProject
Project("{9A19103F-16F7-4668-BE54-9A1E7A4F7556}") = "SkillsApi", "demos\09-microfrontends\02-pwa\skills-api\SkillsApi.csproj", "{FF089EFF-74BB-45B5-8F1D-5CD3B136AAAB}"
EndProject
Project("{2150E333-8FDC-42A3-9474-1A3956D46DE8}") = "11-containers", "11-containers", "{A3A71A60-CD6D-4F34-B34A-AEB29F7C74D7}"
EndProject
Project("{2150E333-8FDC-42A3-9474-1A3956D46DE8}") = "02-config-mgmt", "02-config-mgmt", "{E12994A1-D12C-4D2F-8A23-78AC62702155}"
EndProject
Project("{2150E333-8FDC-42A3-9474-1A3956D46DE8}") = "demo-01", "demo-01", "{B0243096-0D5E-4353-A0BE-F4ACCA0FF6E6}"
EndProject
Project("{9A19103F-16F7-4668-BE54-9A1E7A4F7556}") = "config-api", "demos\11-containers\02-config-mgmt\demo-01\config-api\config-api.csproj", "{3FD62191-4D69-4FA9-B8D1-BECCC82DDA9E}"
EndProject
Global
	GlobalSection(SolutionConfigurationPlatforms) = preSolution
		Debug|Any CPU = Debug|Any CPU
		Release|Any CPU = Release|Any CPU
	EndGlobalSection
	GlobalSection(ProjectConfigurationPlatforms) = postSolution
		{8BEB67F1-4F03-41FC-880D-2C03124798E4}.Debug|Any CPU.ActiveCfg = Debug|Any CPU
		{8BEB67F1-4F03-41FC-880D-2C03124798E4}.Debug|Any CPU.Build.0 = Debug|Any CPU
		{8BEB67F1-4F03-41FC-880D-2C03124798E4}.Release|Any CPU.ActiveCfg = Release|Any CPU
		{8BEB67F1-4F03-41FC-880D-2C03124798E4}.Release|Any CPU.Build.0 = Release|Any CPU
		{602F1C88-99FC-4AEB-BFF1-26BA309AE057}.Debug|Any CPU.ActiveCfg = Debug|Any CPU
		{602F1C88-99FC-4AEB-BFF1-26BA309AE057}.Debug|Any CPU.Build.0 = Debug|Any CPU
		{602F1C88-99FC-4AEB-BFF1-26BA309AE057}.Release|Any CPU.ActiveCfg = Release|Any CPU
		{602F1C88-99FC-4AEB-BFF1-26BA309AE057}.Release|Any CPU.Build.0 = Release|Any CPU
		{FF089EFF-74BB-45B5-8F1D-5CD3B136AAAB}.Debug|Any CPU.ActiveCfg = Debug|Any CPU
		{FF089EFF-74BB-45B5-8F1D-5CD3B136AAAB}.Debug|Any CPU.Build.0 = Debug|Any CPU
		{FF089EFF-74BB-45B5-8F1D-5CD3B136AAAB}.Release|Any CPU.ActiveCfg = Release|Any CPU
		{FF089EFF-74BB-45B5-8F1D-5CD3B136AAAB}.Release|Any CPU.Build.0 = Release|Any CPU
		{3FD62191-4D69-4FA9-B8D1-BECCC82DDA9E}.Debug|Any CPU.ActiveCfg = Debug|Any CPU
		{3FD62191-4D69-4FA9-B8D1-BECCC82DDA9E}.Debug|Any CPU.Build.0 = Debug|Any CPU
		{3FD62191-4D69-4FA9-B8D1-BECCC82DDA9E}.Release|Any CPU.ActiveCfg = Release|Any CPU
		{3FD62191-4D69-4FA9-B8D1-BECCC82DDA9E}.Release|Any CPU.Build.0 = Release|Any CPU
	EndGlobalSection
	GlobalSection(SolutionProperties) = preSolution
		HideSolutionNode = FALSE
	EndGlobalSection
	GlobalSection(NestedProjects) = preSolution
		{592851C7-03D0-45E5-A10E-A4F1257667B6} = {7FB4B296-483D-4A3B-A03C-19EA45809A01}
		{E6A729A6-4FF7-422E-BAD8-DFD7DD817339} = {592851C7-03D0-45E5-A10E-A4F1257667B6}
		{8BEB67F1-4F03-41FC-880D-2C03124798E4} = {E6A729A6-4FF7-422E-BAD8-DFD7DD817339}
		{0186064A-5F8B-4177-BCEA-B1E4583BF314} = {7FB4B296-483D-4A3B-A03C-19EA45809A01}
		{E4371082-BC10-4B3F-B7D4-07BBF7771C2D} = {0186064A-5F8B-4177-BCEA-B1E4583BF314}
		{602F1C88-99FC-4AEB-BFF1-26BA309AE057} = {E4371082-BC10-4B3F-B7D4-07BBF7771C2D}
		{7EE23576-A2CC-46DC-9009-21288571FC79} = {0186064A-5F8B-4177-BCEA-B1E4583BF314}
		{FF089EFF-74BB-45B5-8F1D-5CD3B136AAAB} = {7EE23576-A2CC-46DC-9009-21288571FC79}
		{A3A71A60-CD6D-4F34-B34A-AEB29F7C74D7} = {7FB4B296-483D-4A3B-A03C-19EA45809A01}
		{E12994A1-D12C-4D2F-8A23-78AC62702155} = {A3A71A60-CD6D-4F34-B34A-AEB29F7C74D7}
		{B0243096-0D5E-4353-A0BE-F4ACCA0FF6E6} = {E12994A1-D12C-4D2F-8A23-78AC62702155}
		{3FD62191-4D69-4FA9-B8D1-BECCC82DDA9E} = {B0243096-0D5E-4353-A0BE-F4ACCA0FF6E6}
	EndGlobalSection
	GlobalSection(ExtensibilityGlobals) = postSolution
		SolutionGuid = {3D75A641-5D00-4117-BA70-1294EBCC49B4}
	EndGlobalSection
EndGlobal
